
Microsoft Visual Studio Solution File, Format Version 12.00
# Visual Studio Version 17
VisualStudioVersion = 17.5.002.0
MinimumVisualStudioVersion = 10.0.40219.1
Project("{9A19103F-16F7-4668-BE54-9A1E7A4F7556}") = "EtruscanUnitDbGUI", "EtruscanUnitDbGUI.csproj", "{DE5BF931-9AC7-412A-A607-F06FCD972235}"
EndProject
Global
	GlobalSection(SolutionConfigurationPlatforms) = preSolution
		Debug|Any CPU = Debug|Any CPU
		Release|Any CPU = Release|Any CPU
	EndGlobalSection
	GlobalSection(ProjectConfigurationPlatforms) = postSolution
		{DE5BF931-9AC7-412A-A607-F06FCD972235}.Debug|Any CPU.ActiveCfg = Debug|Any CPU
		{DE5BF931-9AC7-412A-A607-F06FCD972235}.Debug|Any CPU.Build.0 = Debug|Any CPU
		{DE5BF931-9AC7-412A-A607-F06FCD972235}.Release|Any CPU.ActiveCfg = Release|Any CPU
		{DE5BF931-9AC7-412A-A607-F06FCD972235}.Release|Any CPU.Build.0 = Release|Any CPU
	EndGlobalSection
	GlobalSection(SolutionProperties) = preSolution
		HideSolutionNode = FALSE
	EndGlobalSection
	GlobalSection(ExtensibilityGlobals) = postSolution
		SolutionGuid = {EA04602A-C84E-4F9B-A393-94C809573199}
	EndGlobalSection
EndGlobal
